
Microsoft Visual Studio Solution File, Format Version 12.00
# Visual Studio Version 17
VisualStudioVersion = 17.12.35527.113 d17.12
MinimumVisualStudioVersion = 10.0.40219.1
Project("{FAE04EC0-301F-11D3-BF4B-00C04F79EFBC}") = "Generics", "Generics\Generics.csproj", "{AE09B56B-064F-4250-92EB-0CAD9B220994}"
EndProject
Global
	GlobalSection(SolutionConfigurationPlatforms) = preSolution
		Debug|Any CPU = Debug|Any CPU
		Release|Any CPU = Release|Any CPU
	EndGlobalSection
	GlobalSection(ProjectConfigurationPlatforms) = postSolution
		{AE09B56B-064F-4250-92EB-0CAD9B220994}.Debug|Any CPU.ActiveCfg = Debug|Any CPU
		{AE09B56B-064F-4250-92EB-0CAD9B220994}.Debug|Any CPU.Build.0 = Debug|Any CPU
		{AE09B56B-064F-4250-92EB-0CAD9B220994}.Release|Any CPU.ActiveCfg = Release|Any CPU
		{AE09B56B-064F-4250-92EB-0CAD9B220994}.Release|Any CPU.Build.0 = Release|Any CPU
	EndGlobalSection
	GlobalSection(SolutionProperties) = preSolution
		HideSolutionNode = FALSE
	EndGlobalSection
EndGlobal
